{
  "name": "wordlink",
  "version": "1.0.0",
  "lockfileVersion": 1,
  "requires": true,
  "dependencies": {
    "word-list-json": {
      "version": "0.2.0",
      "resolved": "https://registry.npmjs.org/word-list-json/-/word-list-json-0.2.0.tgz",
      "integrity": "sha1-uNLJNOkSm/+w5I9kr3ECBpH3ih8="
    }
  }
}
